// !$*UTF8*$!
{
	archiveVersion = 1;
	classes = {
	};
	objectVersion = 50;
	objects = {

/* Begin PBXBuildFile section */
		A71831162270455E0014A25E /* AppDelegate.m in Sources */ = {isa = PBXBuildFile; fileRef = A71831152270455E0014A25E /* AppDelegate.m */; };
		A71831192270455E0014A25E /* ViewController.m in Sources */ = {isa = PBXBuildFile; fileRef = A71831182270455E0014A25E /* ViewController.m */; };
		A718311C2270455E0014A25E /* Main.storyboard in Resources */ = {isa = PBXBuildFile; fileRef = A718311A2270455E0014A25E /* Main.storyboard */; };
		A718311E227045620014A25E /* Assets.xcassets in Resources */ = {isa = PBXBuildFile; fileRef = A718311D227045620014A25E /* Assets.xcassets */; };
		A7183121227045620014A25E /* LaunchScreen.storyboard in Resources */ = {isa = PBXBuildFile; fileRef = A718311F227045620014A25E /* LaunchScreen.storyboard */; };
		A7183124227045620014A25E /* main.m in Sources */ = {isa = PBXBuildFile; fileRef = A7183123227045620014A25E /* main.m */; };
		A718312C2270466A0014A25E /* TableViewController.m in Sources */ = {isa = PBXBuildFile; fileRef = A718312B2270466A0014A25E /* TableViewController.m */; };
		A718312E22704A380014A25E /* zero.png in Resources */ = {isa = PBXBuildFile; fileRef = A718312D22704A370014A25E /* zero.png */; };
		A718313022704A440014A25E /* one.png in Resources */ = {isa = PBXBuildFile; fileRef = A718312F22704A440014A25E /* one.png */; };
		A718313222704A4F0014A25E /* two.png in Resources */ = {isa = PBXBuildFile; fileRef = A718313122704A4F0014A25E /* two.png */; };
		A718313522704AE60014A25E /* MyTableViewCell.m in Sources */ = {isa = PBXBuildFile; fileRef = A718313422704AE60014A25E /* MyTableViewCell.m */; };
/* End PBXBuildFile section */

/* Begin PBXFileReference section */
		A71831112270455E0014A25E /* CustomeTableViewCell.app */ = {isa = PBXFileReference; explicitFileType = wrapper.application; includeInIndex = 0; path = CustomeTableViewCell.app; sourceTree = BUILT_PRODUCTS_DIR; };
		A71831142270455E0014A25E /* AppDelegate.h */ = {isa = PBXFileReference; lastKnownFileType = sourcecode.c.h; path = AppDelegate.h; sourceTree = "<group>"; };
		A71831152270455E0014A25E /* AppDelegate.m */ = {isa = PBXFileReference; lastKnownFileType = sourcecode.c.objc; path = AppDelegate.m; sourceTree = "<group>"; };
		A71831172270455E0014A25E /* ViewController.h */ = {isa = PBXFileReference; lastKnownFileType = sourcecode.c.h; path = ViewController.h; sourceTree = "<group>"; };
		A71831182270455E0014A25E /* ViewController.m */ = {isa = PBXFileReference; lastKnownFileType = sourcecode.c.objc; path = ViewController.m; sourceTree = "<group>"; };
		A718311B2270455E0014A25E /* Base */ = {isa = PBXFileReference; lastKnownFileType = file.storyboard; name = Base; path = Base.lproj/Main.storyboard; sourceTree = "<group>"; };
		A718311D227045620014A25E /* Assets.xcassets */ = {isa = PBXFileReference; lastKnownFileType = folder.assetcatalog; path = Assets.xcassets; sourceTree = "<group>"; };
		A7183120227045620014A25E /* Base */ = {isa = PBXFileReference; lastKnownFileType = file.storyboard; name = Base; path = Base.lproj/LaunchScreen.storyboard; sourceTree = "<group>"; };
		A7183122227045620014A25E /* Info.plist */ = {isa = PBXFileReference; lastKnownFileType = text.plist.xml; path = Info.plist; sourceTree = "<group>"; };
		A7183123227045620014A25E /* main.m */ = {isa = PBXFileReference; lastKnownFileType = sourcecode.c.objc; path = main.m; sourceTree = "<group>"; };
		A718312A2270466A0014A25E /* TableViewController.h */ = {isa = PBXFileReference; lastKnownFileType = sourcecode.c.h; path = TableViewController.h; sourceTree = "<group>"; };
		A718312B2270466A0014A25E /* TableViewController.m */ = {isa = PBXFileReference; lastKnownFileType = sourcecode.c.objc; path = TableViewController.m; sourceTree = "<group>"; };
		A718312D22704A370014A25E /* zero.png */ = {isa = PBXFileReference; lastKnownFileType = image.png; path = zero.png; sourceTree = "<group>"; };
		A718312F22704A440014A25E /* one.png */ = {isa = PBXFileReference; lastKnownFileType = image.png; path = one.png; sourceTree = "<group>"; };
		A718313122704A4F0014A25E /* two.png */ = {isa = PBXFileReference; lastKnownFileType = image.png; path = two.png; sourceTree = "<group>"; };
		A718313322704AE60014A25E /* MyTableViewCell.h */ = {isa = PBXFileReference; lastKnownFileType = sourcecode.c.h; path = MyTableViewCell.h; sourceTree = "<group>"; };
		A718313422704AE60014A25E /* MyTableViewCell.m */ = {isa = PBXFileReference; lastKnownFileType = sourcecode.c.objc; path = MyTableViewCell.m; sourceTree = "<group>"; };
/* End PBXFileReference section */

/* Begin PBXFrameworksBuildPhase section */
		A718310E2270455E0014A25E /* Frameworks */ = {
			isa = PBXFrameworksBuildPhase;
			buildActionMask = 2147483647;
			files = (
			);
			runOnlyForDeploymentPostprocessing = 0;
		};
/* End PBXFrameworksBuildPhase section */

/* Begin PBXGroup section */
		A71831082270455E0014A25E = {
			isa = PBXGroup;
			children = (
				A71831132270455E0014A25E /* CustomeTableViewCell */,
				A71831122270455E0014A25E /* Products */,
			);
			sourceTree = "<group>";
		};
		A71831122270455E0014A25E /* Products */ = {
			isa = PBXGroup;
			children = (
				A71831112270455E0014A25E /* CustomeTableViewCell.app */,
			);
			name = Products;
			sourceTree = "<group>";
		};
		A71831132270455E0014A25E /* CustomeTableViewCell */ = {
			isa = PBXGroup;
			children = (
				A718312D22704A370014A25E /* zero.png */,
				A718312F22704A440014A25E /* one.png */,
				A718313122704A4F0014A25E /* two.png */,
				A71831142270455E0014A25E /* AppDelegate.h */,
				A71831152270455E0014A25E /* AppDelegate.m */,
				A71831172270455E0014A25E /* ViewController.h */,
				A71831182270455E0014A25E /* ViewController.m */,
				A718311A2270455E0014A25E /* Main.storyboard */,
				A718311D227045620014A25E /* Assets.xcassets */,
				A718311F227045620014A25E /* LaunchScreen.storyboard */,
				A7183122227045620014A25E /* Info.plist */,
				A7183123227045620014A25E /* main.m */,
				A718312A2270466A0014A25E /* TableViewController.h */,
				A718312B2270466A0014A25E /* TableViewController.m */,
				A718313322704AE60014A25E /* MyTableViewCell.h */,
				A718313422704AE60014A25E /* MyTableViewCell.m */,
			);
			path = CustomeTableViewCell;
			sourceTree = "<group>";
		};
/* End PBXGroup section */

/* Begin PBXNativeTarget section */
		A71831102270455E0014A25E /* CustomeTableViewCell */ = {
			isa = PBXNativeTarget;
			buildConfigurationList = A7183127227045620014A25E /* Build configuration list for PBXNativeTarget "CustomeTableViewCell" */;
			buildPhases = (
				A718310D2270455E0014A25E /* Sources */,
				A718310E2270455E0014A25E /* Frameworks */,
				A718310F2270455E0014A25E /* Resources */,
			);
			buildRules = (
			);
			dependencies = (
			);
			name = CustomeTableViewCell;
			productName = CustomeTableViewCell;
			productReference = A71831112270455E0014A25E /* CustomeTableViewCell.app */;
			productType = "com.apple.product-type.application";
		};
/* End PBXNativeTarget section */

/* Begin PBXProject section */
		A71831092270455E0014A25E /* Project object */ = {
			isa = PBXProject;
			attributes = {
				LastUpgradeCheck = 1010;
				ORGANIZATIONNAME = ITI;
				TargetAttributes = {
					A71831102270455E0014A25E = {
						CreatedOnToolsVersion = 10.1;
					};
				};
			};
			buildConfigurationList = A718310C2270455E0014A25E /* Build configuration list for PBXProject "CustomeTableViewCell" */;
			compatibilityVersion = "Xcode 9.3";
			developmentRegion = en;
			hasScannedForEncodings = 0;
			knownRegions = (
				en,
				Base,
			);
			mainGroup = A71831082270455E0014A25E;
			productRefGroup = A71831122270455E0014A25E /* Products */;
			projectDirPath = "";
			projectRoot = "";
			targets = (
				A71831102270455E0014A25E /* CustomeTableViewCell */,
			);
		};
/* End PBXProject section */

/* Begin PBXResourcesBuildPhase section */
		A718310F2270455E0014A25E /* Resources */ = {
			isa = PBXResourcesBuildPhase;
			buildActionMask = 2147483647;
			files = (
				A718313222704A4F0014A25E /* two.png in Resources */,
				A7183121227045620014A25E /* LaunchScreen.storyboard in Resources */,
				A718313022704A440014A25E /* one.png in Resources */,
				A718311E227045620014A25E /* Assets.xcassets in Resources */,
				A718311C2270455E0014A25E /* Main.storyboard in Resources */,
				A718312E22704A380014A25E /* zero.png in Resources */,
			);
			runOnlyForDeploymentPostprocessing = 0;
		};
/* End PBXResourcesBuildPhase section */

/* Begin PBXSourcesBuildPhase section */
		A718310D2270455E0014A25E /* Sources */ = {
			isa = PBXSourcesBuildPhase;
			buildActionMask = 2147483647;
			files = (
				A71831192270455E0014A25E /* ViewController.m in Sources */,
				A7183124227045620014A25E /* main.m in Sources */,
				A71831162270455E0014A25E /* AppDelegate.m in Sources */,
				A718312C2270466A0014A25E /* TableViewController.m in Sources */,
				A718313522704AE60014A25E /* MyTableViewCell.m in Sources */,
			);
			runOnlyForDeploymentPostprocessing = 0;
		};
/* End PBXSourcesBuildPhase section */

/* Begin PBXVariantGroup section */
		A718311A2270455E0014A25E /* Main.storyboard */ = {
			isa = PBXVariantGroup;
			children = (
				A718311B2270455E0014A25E /* Base */,
			);
			name = Main.storyboard;
			sourceTree = "<group>";
		};
		A718311F227045620014A25E /* LaunchScreen.storyboard */ = {
			isa = PBXVariantGroup;
			children = (
				A7183120227045620014A25E /* Base */,
			);
			name = LaunchScreen.storyboard;
			sourceTree = "<group>";
		};
/* End PBXVariantGroup section */

/* Begin XCBuildConfiguration section */
		A7183125227045620014A25E /* Debug */ = {
			isa = XCBuildConfiguration;
			buildSettings = {
				ALWAYS_SEARCH_USER_PATHS = NO;
				CLANG_ANALYZER_NONNULL = YES;
				CLANG_ANALYZER_NUMBER_OBJECT_CONVERSION = YES_AGGRESSIVE;
				CLANG_CXX_LANGUAGE_STANDARD = "gnu++14";
				CLANG_CXX_LIBRARY = "libc++";
				CLANG_ENABLE_MODULES = YES;
				CLANG_ENABLE_OBJC_ARC = YES;
				CLANG_ENABLE_OBJC_WEAK = YES;
				CLANG_WARN_BLOCK_CAPTURE_AUTORELEASING = YES;
				CLANG_WARN_BOOL_CONVERSION = YES;
				CLANG_WARN_COMMA = YES;
				CLANG_WARN_CONSTANT_CONVERSION = YES;
				CLANG_WARN_DEPRECATED_OBJC_IMPLEMENTATIONS = YES;
				CLANG_WARN_DIRECT_OBJC_ISA_USAGE = YES_ERROR;
				CLANG_WARN_DOCUMENTATION_COMMENTS = YES;
				CLANG_WARN_EMPTY_BODY = YES;
				CLANG_WARN_ENUM_CONVERSION = YES;
				CLANG_WARN_INFINITE_RECURSION = YES;
				CLANG_WARN_INT_CONVERSION = YES;
				CLANG_WARN_NON_LITERAL_NULL_CONVERSION = YES;
				CLANG_WARN_OBJC_IMPLICIT_RETAIN_SELF = YES;
				CLANG_WARN_OBJC_LITERAL_CONVERSION = YES;
				CLANG_WARN_OBJC_ROOT_CLASS = YES_ERROR;
				CLANG_WARN_RANGE_LOOP_ANALYSIS = YES;
				CLANG_WARN_STRICT_PROTOTYPES = YES;
				CLANG_WARN_SUSPICIOUS_MOVE = YES;
				CLANG_WARN_UNGUARDED_AVAILABILITY = YES_AGGRESSIVE;
				CLANG_WARN_UNREACHABLE_CODE = YES;
				CLANG_WARN__DUPLICATE_METHOD_MATCH = YES;
				CODE_SIGN_IDENTITY = "iPhone Developer";
				COPY_PHASE_STRIP = NO;
				DEBUG_INFORMATION_FORMAT = dwarf;
				ENABLE_STRICT_OBJC_MSGSEND = YES;
				ENABLE_TESTABILITY = YES;
				GCC_C_LANGUAGE_STANDARD = gnu11;
				GCC_DYNAMIC_NO_PIC = NO;
				GCC_NO_COMMON_BLOCKS = YES;
				GCC_OPTIMIZATION_LEVEL = 0;
				GCC_PREPROCESSOR_DEFINITIONS = (
					"DEBUG=1",
					"$(inherited)",
				);
				GCC_WARN_64_TO_32_BIT_CONVERSION = YES;
				GCC_WARN_ABOUT_RETURN_TYPE = YES_ERROR;
				GCC_WARN_UNDECLARED_SELECTOR = YES;
				GCC_WARN_UNINITIALIZED_AUTOS = YES_AGGRESSIVE;
				GCC_WARN_UNUSED_FUNCTION = YES;
				GCC_WARN_UNUSED_VARIABLE = YES;
				IPHONEOS_DEPLOYMENT_TARGET = 12.1;
				MTL_ENABLE_DEBUG_INFO = INCLUDE_SOURCE;
				MTL_FAST_MATH = YES;
				ONLY_ACTIVE_ARCH = YES;
				SDKROOT = iphoneos;
			};
			name = Debug;
		};
		A7183126227045620014A25E /* Release */ = {
			isa = XCBuildConfiguration;
			buildSettings = {
				ALWAYS_SEARCH_USER_PATHS = NO;
				CLANG_ANALYZER_NONNULL = YES;
				CLANG_ANALYZER_NUMBER_OBJECT_CONVERSION = YES_AGGRESSIVE;
				CLANG_CXX_LANGUAGE_STANDARD = "gnu++14";
				CLANG_CXX_LIBRARY = "libc++";
				CLANG_ENABLE_MODULES = YES;
				CLANG_ENABLE_OBJC_ARC = YES;
				CLANG_ENABLE_OBJC_WEAK = YES;
				CLANG_WARN_BLOCK_CAPTURE_AUTORELEASING = YES;
				CLANG_WARN_BOOL_CONVERSION = YES;
				CLANG_WARN_COMMA = YES;
				CLANG_WARN_CONSTANT_CONVERSION = YES;
				CLANG_WARN_DEPRECATED_OBJC_IMPLEMENTATIONS = YES;
				CLANG_WARN_DIRECT_OBJC_ISA_USAGE = YES_ERROR;
				CLANG_WARN_DOCUMENTATION_COMMENTS = YES;
				CLANG_WARN_EMPTY_BODY = YES;
				CLANG_WARN_ENUM_CONVERSION = YES;
				CLANG_WARN_INFINITE_RECURSION = YES;
				CLANG_WARN_INT_CONVERSION = YES;
				CLANG_WARN_NON_LITERAL_NULL_CONVERSION = YES;
				CLANG_WARN_OBJC_IMPLICIT_RETAIN_SELF = YES;
				CLANG_WARN_OBJC_LITERAL_CONVERSION = YES;
				CLANG_WARN_OBJC_ROOT_CLASS = YES_ERROR;
				CLANG_WARN_RANGE_LOOP_ANALYSIS = YES;
				CLANG_WARN_STRICT_PROTOTYPES = YES;
				CLANG_WARN_SUSPICIOUS_MOVE = YES;
				CLANG_WARN_UNGUARDED_AVAILABILITY = YES_AGGRESSIVE;
				CLANG_WARN_UNREACHABLE_CODE = YES;
				CLANG_WARN__DUPLICATE_METHOD_MATCH = YES;
				CODE_SIGN_IDENTITY = "iPhone Developer";
				COPY_PHASE_STRIP = NO;
				DEBUG_INFORMATION_FORMAT = "dwarf-with-dsym";
				ENABLE_NS_ASSERTIONS = NO;
				ENABLE_STRICT_OBJC_MSGSEND = YES;
				GCC_C_LANGUAGE_STANDARD = gnu11;
				GCC_NO_COMMON_BLOCKS = YES;
				GCC_WARN_64_TO_32_BIT_CONVERSION = YES;
				GCC_WARN_ABOUT_RETURN_TYPE = YES_ERROR;
				GCC_WARN_UNDECLARED_SELECTOR = YES;
				GCC_WARN_UNINITIALIZED_AUTOS = YES_AGGRESSIVE;
				GCC_WARN_UNUSED_FUNCTION = YES;
				GCC_WARN_UNUSED_VARIABLE = YES;
				IPHONEOS_DEPLOYMENT_TARGET = 12.1;
				MTL_ENABLE_DEBUG_INFO = NO;
				MTL_FAST_MATH = YES;
				SDKROOT = iphoneos;
				VALIDATE_PRODUCT = YES;
			};
			name = Release;
		};
		A7183128227045620014A25E /* Debug */ = {
			isa = XCBuildConfiguration;
			buildSettings = {
				ASSETCATALOG_COMPILER_APPICON_NAME = AppIcon;
				CODE_SIGN_STYLE = Automatic;
				INFOPLIST_FILE = CustomeTableViewCell/Info.plist;
				LD_RUNPATH_SEARCH_PATHS = (
					"$(inherited)",
					"@executable_path/Frameworks",
				);
				PRODUCT_BUNDLE_IDENTIFIER = JETS.CustomeTableViewCell;
				PRODUCT_NAME = "$(TARGET_NAME)";
				TARGETED_DEVICE_FAMILY = "1,2";
			};
			name = Debug;
		};
		A7183129227045620014A25E /* Release */ = {
			isa = XCBuildConfiguration;
			buildSettings = {
				ASSETCATALOG_COMPILER_APPICON_NAME = AppIcon;
				CODE_SIGN_STYLE = Automatic;
				INFOPLIST_FILE = CustomeTableViewCell/Info.plist;
				LD_RUNPATH_SEARCH_PATHS = (
					"$(inherited)",
					"@executable_path/Frameworks",
				);
				PRODUCT_BUNDLE_IDENTIFIER = JETS.CustomeTableViewCell;
				PRODUCT_NAME = "$(TARGET_NAME)";
				TARGETED_DEVICE_FAMILY = "1,2";
			};
			name = Release;
		};
/* End XCBuildConfiguration section */

/* Begin XCConfigurationList section */
		A718310C2270455E0014A25E /* Build configuration list for PBXProject "CustomeTableViewCell" */ = {
			isa = XCConfigurationList;
			buildConfigurations = (
				A7183125227045620014A25E /* Debug */,
				A7183126227045620014A25E /* Release */,
			);
			defaultConfigurationIsVisible = 0;
			defaultConfigurationName = Release;
		};
		A7183127227045620014A25E /* Build configuration list for PBXNativeTarget "CustomeTableViewCell" */ = {
			isa = XCConfigurationList;
			buildConfigurations = (
				A7183128227045620014A25E /* Debug */,
				A7183129227045620014A25E /* Release */,
			);
			defaultConfigurationIsVisible = 0;
			defaultConfigurationName = Release;
		};
/* End XCConfigurationList section */
	};
	rootObject = A71831092270455E0014A25E /* Project object */;
}
